
Microsoft Visual Studio Solution File, Format Version 12.00
# Visual Studio Version 17
VisualStudioVersion = 17.3.32901.215
MinimumVisualStudioVersion = 10.0.40219.1
Project("{FAE04EC0-301F-11D3-BF4B-00C04F79EFBC}") = "sinav", "sinav\sinav.csproj", "{CD064EB7-4FA2-45F1-9FCD-9625D5A84026}"
EndProject
Global
	GlobalSection(SolutionConfigurationPlatforms) = preSolution
		Debug|Any CPU = Debug|Any CPU
		Release|Any CPU = Release|Any CPU
	EndGlobalSection
	GlobalSection(ProjectConfigurationPlatforms) = postSolution
		{CD064EB7-4FA2-45F1-9FCD-9625D5A84026}.Debug|Any CPU.ActiveCfg = Debug|Any CPU
		{CD064EB7-4FA2-45F1-9FCD-9625D5A84026}.Debug|Any CPU.Build.0 = Debug|Any CPU
		{CD064EB7-4FA2-45F1-9FCD-9625D5A84026}.Release|Any CPU.ActiveCfg = Release|Any CPU
		{CD064EB7-4FA2-45F1-9FCD-9625D5A84026}.Release|Any CPU.Build.0 = Release|Any CPU
	EndGlobalSection
	GlobalSection(SolutionProperties) = preSolution
		HideSolutionNode = FALSE
	EndGlobalSection
	GlobalSection(ExtensibilityGlobals) = postSolution
		SolutionGuid = {CBAB8169-3324-4AD3-8563-603890EA414B}
	EndGlobalSection
EndGlobal
